
Microsoft Visual Studio Solution File, Format Version 12.00
# Visual Studio 15
VisualStudioVersion = 15.0.28010.2016
MinimumVisualStudioVersion = 10.0.40219.1
Project("{9A19103F-16F7-4668-BE54-9A1E7A4F7556}") = "BowlingGame.Web.API", "BowlingGame\BowlingGame.Web.API.csproj", "{5EAD7709-1169-4BBD-A8C2-AA93207BC065}"
EndProject
Project("{9A19103F-16F7-4668-BE54-9A1E7A4F7556}") = "BowlingGame.Core", "BowlingGame.Core\BowlingGame.Core.csproj", "{C55F18B2-6762-43AE-B5B2-E0FE7A67A2F8}"
EndProject
Project("{9A19103F-16F7-4668-BE54-9A1E7A4F7556}") = "BowlingGame.Service", "BowlingGame.Service\BowlingGame.Service.csproj", "{9456A926-377E-495F-912D-6EBCE62A3066}"
EndProject
Project("{FAE04EC0-301F-11D3-BF4B-00C04F79EFBC}") = "BowlingGame.Tests", "BowlingGame.Tests\BowlingGame.Tests.csproj", "{A32FB5A5-A764-4868-BE6A-1F3115EDD723}"
EndProject
Global
	GlobalSection(SolutionConfigurationPlatforms) = preSolution
		Debug|Any CPU = Debug|Any CPU
		Release|Any CPU = Release|Any CPU
	EndGlobalSection
	GlobalSection(ProjectConfigurationPlatforms) = postSolution
		{5EAD7709-1169-4BBD-A8C2-AA93207BC065}.Debug|Any CPU.ActiveCfg = Debug|Any CPU
		{5EAD7709-1169-4BBD-A8C2-AA93207BC065}.Debug|Any CPU.Build.0 = Debug|Any CPU
		{5EAD7709-1169-4BBD-A8C2-AA93207BC065}.Release|Any CPU.ActiveCfg = Release|Any CPU
		{5EAD7709-1169-4BBD-A8C2-AA93207BC065}.Release|Any CPU.Build.0 = Release|Any CPU
		{C55F18B2-6762-43AE-B5B2-E0FE7A67A2F8}.Debug|Any CPU.ActiveCfg = Debug|Any CPU
		{C55F18B2-6762-43AE-B5B2-E0FE7A67A2F8}.Debug|Any CPU.Build.0 = Debug|Any CPU
		{C55F18B2-6762-43AE-B5B2-E0FE7A67A2F8}.Release|Any CPU.ActiveCfg = Release|Any CPU
		{C55F18B2-6762-43AE-B5B2-E0FE7A67A2F8}.Release|Any CPU.Build.0 = Release|Any CPU
		{9456A926-377E-495F-912D-6EBCE62A3066}.Debug|Any CPU.ActiveCfg = Debug|Any CPU
		{9456A926-377E-495F-912D-6EBCE62A3066}.Debug|Any CPU.Build.0 = Debug|Any CPU
		{9456A926-377E-495F-912D-6EBCE62A3066}.Release|Any CPU.ActiveCfg = Release|Any CPU
		{9456A926-377E-495F-912D-6EBCE62A3066}.Release|Any CPU.Build.0 = Release|Any CPU
		{A32FB5A5-A764-4868-BE6A-1F3115EDD723}.Debug|Any CPU.ActiveCfg = Debug|Any CPU
		{A32FB5A5-A764-4868-BE6A-1F3115EDD723}.Debug|Any CPU.Build.0 = Debug|Any CPU
		{A32FB5A5-A764-4868-BE6A-1F3115EDD723}.Release|Any CPU.ActiveCfg = Release|Any CPU
		{A32FB5A5-A764-4868-BE6A-1F3115EDD723}.Release|Any CPU.Build.0 = Release|Any CPU
	EndGlobalSection
	GlobalSection(SolutionProperties) = preSolution
		HideSolutionNode = FALSE
	EndGlobalSection
	GlobalSection(ExtensibilityGlobals) = postSolution
		SolutionGuid = {0B45D612-6BFF-47E0-BD0B-330E7B698488}
	EndGlobalSection
EndGlobal
